{
  "name": "fullstack-qap-1",
  "version": "1.0.0",
  "lockfileVersion": 3,
  "requires": true,
  "packages": {
    "": {
      "name": "fullstack-qap-1",
      "version": "1.0.0",
      "license": "MIT",
      "dependencies": {
        "fullstack-qap-1": "file:"
      },
      "bin": {
        "password-generator": "index.js"
      }
    },
    "node_modules/fullstack-qap-1": {
      "resolved": "",
      "link": true
    }
  }
}
